// !$*UTF8*$!
{
	archiveVersion = 1;
	classes = {
	};
	objectVersion = 56;
	objects = {

/* Begin PBXBuildFile section */
		B12130482B2579A300A6F390 /* SettingsTabView.swift in Sources */ = {isa = PBXBuildFile; fileRef = B12130472B2579A300A6F390 /* SettingsTabView.swift */; };
		B121304A2B2709EE00A6F390 /* TransactionsTabView.swift in Sources */ = {isa = PBXBuildFile; fileRef = B12130492B2709EE00A6F390 /* TransactionsTabView.swift */; };
		B12D3F742B1F0CAB003EB29C /* Kyle_TranVu_FinalProjectApp.swift in Sources */ = {isa = PBXBuildFile; fileRef = B12D3F732B1F0CAB003EB29C /* Kyle_TranVu_FinalProjectApp.swift */; };
		B12D3F762B1F0CAB003EB29C /* ContentView.swift in Sources */ = {isa = PBXBuildFile; fileRef = B12D3F752B1F0CAB003EB29C /* ContentView.swift */; };
		B12D3F782B1F0CAE003EB29C /* Assets.xcassets in Resources */ = {isa = PBXBuildFile; fileRef = B12D3F772B1F0CAE003EB29C /* Assets.xcassets */; };
		B12D3F7C2B1F0CAE003EB29C /* Preview Assets.xcassets in Resources */ = {isa = PBXBuildFile; fileRef = B12D3F7B2B1F0CAE003EB29C /* Preview Assets.xcassets */; };
		B12D3F862B1F0CAF003EB29C /* Kyle_TranVu_FinalProjectTests.swift in Sources */ = {isa = PBXBuildFile; fileRef = B12D3F852B1F0CAF003EB29C /* Kyle_TranVu_FinalProjectTests.swift */; };
		B12D3F902B1F0CAF003EB29C /* Kyle_TranVu_FinalProjectUITests.swift in Sources */ = {isa = PBXBuildFile; fileRef = B12D3F8F2B1F0CAF003EB29C /* Kyle_TranVu_FinalProjectUITests.swift */; };
		B12D3F922B1F0CAF003EB29C /* Kyle_TranVu_FinalProjectUITestsLaunchTests.swift in Sources */ = {isa = PBXBuildFile; fileRef = B12D3F912B1F0CAF003EB29C /* Kyle_TranVu_FinalProjectUITestsLaunchTests.swift */; };
		B12D3FA52B1F1F79003EB29C /* InventoryTabView.swift in Sources */ = {isa = PBXBuildFile; fileRef = B12D3FA42B1F1F79003EB29C /* InventoryTabView.swift */; };
/* End PBXBuildFile section */

/* Begin PBXContainerItemProxy section */
		B12D3F822B1F0CAF003EB29C /* PBXContainerItemProxy */ = {
			isa = PBXContainerItemProxy;
			containerPortal = B12D3F682B1F0CAB003EB29C /* Project object */;
			proxyType = 1;
			remoteGlobalIDString = B12D3F6F2B1F0CAB003EB29C;
			remoteInfo = "Kyle-TranVu-FinalProject";
		};
		B12D3F8C2B1F0CAF003EB29C /* PBXContainerItemProxy */ = {
			isa = PBXContainerItemProxy;
			containerPortal = B12D3F682B1F0CAB003EB29C /* Project object */;
			proxyType = 1;
			remoteGlobalIDString = B12D3F6F2B1F0CAB003EB29C;
			remoteInfo = "Kyle-TranVu-FinalProject";
		};
/* End PBXContainerItemProxy section */

/* Begin PBXFileReference section */
		B12130472B2579A300A6F390 /* SettingsTabView.swift */ = {isa = PBXFileReference; lastKnownFileType = sourcecode.swift; path = SettingsTabView.swift; sourceTree = "<group>"; };
		B12130492B2709EE00A6F390 /* TransactionsTabView.swift */ = {isa = PBXFileReference; lastKnownFileType = sourcecode.swift; path = TransactionsTabView.swift; sourceTree = "<group>"; };
		B12D3F702B1F0CAB003EB29C /* Kyle-TranVu-FinalProject.app */ = {isa = PBXFileReference; explicitFileType = wrapper.application; includeInIndex = 0; path = "Kyle-TranVu-FinalProject.app"; sourceTree = BUILT_PRODUCTS_DIR; };
		B12D3F732B1F0CAB003EB29C /* Kyle_TranVu_FinalProjectApp.swift */ = {isa = PBXFileReference; lastKnownFileType = sourcecode.swift; path = Kyle_TranVu_FinalProjectApp.swift; sourceTree = "<group>"; };
		B12D3F752B1F0CAB003EB29C /* ContentView.swift */ = {isa = PBXFileReference; lastKnownFileType = sourcecode.swift; path = ContentView.swift; sourceTree = "<group>"; };
		B12D3F772B1F0CAE003EB29C /* Assets.xcassets */ = {isa = PBXFileReference; lastKnownFileType = folder.assetcatalog; path = Assets.xcassets; sourceTree = "<group>"; };
		B12D3F792B1F0CAE003EB29C /* Kyle_TranVu_FinalProject.entitlements */ = {isa = PBXFileReference; lastKnownFileType = text.plist.entitlements; path = Kyle_TranVu_FinalProject.entitlements; sourceTree = "<group>"; };
		B12D3F7B2B1F0CAE003EB29C /* Preview Assets.xcassets */ = {isa = PBXFileReference; lastKnownFileType = folder.assetcatalog; path = "Preview Assets.xcassets"; sourceTree = "<group>"; };
		B12D3F812B1F0CAF003EB29C /* Kyle-TranVu-FinalProjectTests.xctest */ = {isa = PBXFileReference; explicitFileType = wrapper.cfbundle; includeInIndex = 0; path = "Kyle-TranVu-FinalProjectTests.xctest"; sourceTree = BUILT_PRODUCTS_DIR; };
		B12D3F852B1F0CAF003EB29C /* Kyle_TranVu_FinalProjectTests.swift */ = {isa = PBXFileReference; lastKnownFileType = sourcecode.swift; path = Kyle_TranVu_FinalProjectTests.swift; sourceTree = "<group>"; };
		B12D3F8B2B1F0CAF003EB29C /* Kyle-TranVu-FinalProjectUITests.xctest */ = {isa = PBXFileReference; explicitFileType = wrapper.cfbundle; includeInIndex = 0; path = "Kyle-TranVu-FinalProjectUITests.xctest"; sourceTree = BUILT_PRODUCTS_DIR; };
		B12D3F8F2B1F0CAF003EB29C /* Kyle_TranVu_FinalProjectUITests.swift */ = {isa = PBXFileReference; lastKnownFileType = sourcecode.swift; path = Kyle_TranVu_FinalProjectUITests.swift; sourceTree = "<group>"; };
		B12D3F912B1F0CAF003EB29C /* Kyle_TranVu_FinalProjectUITestsLaunchTests.swift */ = {isa = PBXFileReference; lastKnownFileType = sourcecode.swift; path = Kyle_TranVu_FinalProjectUITestsLaunchTests.swift; sourceTree = "<group>"; };
		B12D3FA42B1F1F79003EB29C /* InventoryTabView.swift */ = {isa = PBXFileReference; lastKnownFileType = sourcecode.swift; path = InventoryTabView.swift; sourceTree = "<group>"; };
/* End PBXFileReference section */

/* Begin PBXFrameworksBuildPhase section */
		B12D3F6D2B1F0CAB003EB29C /* Frameworks */ = {
			isa = PBXFrameworksBuildPhase;
			buildActionMask = 2147483647;
			files = (
			);
			runOnlyForDeploymentPostprocessing = 0;
		};
		B12D3F7E2B1F0CAF003EB29C /* Frameworks */ = {
			isa = PBXFrameworksBuildPhase;
			buildActionMask = 2147483647;
			files = (
			);
			runOnlyForDeploymentPostprocessing = 0;
		};
		B12D3F882B1F0CAF003EB29C /* Frameworks */ = {
			isa = PBXFrameworksBuildPhase;
			buildActionMask = 2147483647;
			files = (
			);
			runOnlyForDeploymentPostprocessing = 0;
		};
/* End PBXFrameworksBuildPhase section */

/* Begin PBXGroup section */
		B12D3F672B1F0CAB003EB29C = {
			isa = PBXGroup;
			children = (
				B12D3F722B1F0CAB003EB29C /* Kyle-TranVu-FinalProject */,
				B12D3F842B1F0CAF003EB29C /* Kyle-TranVu-FinalProjectTests */,
				B12D3F8E2B1F0CAF003EB29C /* Kyle-TranVu-FinalProjectUITests */,
				B12D3F712B1F0CAB003EB29C /* Products */,
			);
			sourceTree = "<group>";
		};
		B12D3F712B1F0CAB003EB29C /* Products */ = {
			isa = PBXGroup;
			children = (
				B12D3F702B1F0CAB003EB29C /* Kyle-TranVu-FinalProject.app */,
				B12D3F812B1F0CAF003EB29C /* Kyle-TranVu-FinalProjectTests.xctest */,
				B12D3F8B2B1F0CAF003EB29C /* Kyle-TranVu-FinalProjectUITests.xctest */,
			);
			name = Products;
			sourceTree = "<group>";
		};
		B12D3F722B1F0CAB003EB29C /* Kyle-TranVu-FinalProject */ = {
			isa = PBXGroup;
			children = (
				B12D3F732B1F0CAB003EB29C /* Kyle_TranVu_FinalProjectApp.swift */,
				B12D3F752B1F0CAB003EB29C /* ContentView.swift */,
				B12D3FA42B1F1F79003EB29C /* InventoryTabView.swift */,
				B12130472B2579A300A6F390 /* SettingsTabView.swift */,
				B12130492B2709EE00A6F390 /* TransactionsTabView.swift */,
				B12D3F772B1F0CAE003EB29C /* Assets.xcassets */,
				B12D3F792B1F0CAE003EB29C /* Kyle_TranVu_FinalProject.entitlements */,
				B12D3F7A2B1F0CAE003EB29C /* Preview Content */,
			);
			path = "Kyle-TranVu-FinalProject";
			sourceTree = "<group>";
		};
		B12D3F7A2B1F0CAE003EB29C /* Preview Content */ = {
			isa = PBXGroup;
			children = (
				B12D3F7B2B1F0CAE003EB29C /* Preview Assets.xcassets */,
			);
			path = "Preview Content";
			sourceTree = "<group>";
		};
		B12D3F842B1F0CAF003EB29C /* Kyle-TranVu-FinalProjectTests */ = {
			isa = PBXGroup;
			children = (
				B12D3F852B1F0CAF003EB29C /* Kyle_TranVu_FinalProjectTests.swift */,
			);
			path = "Kyle-TranVu-FinalProjectTests";
			sourceTree = "<group>";
		};
		B12D3F8E2B1F0CAF003EB29C /* Kyle-TranVu-FinalProjectUITests */ = {
			isa = PBXGroup;
			children = (
				B12D3F8F2B1F0CAF003EB29C /* Kyle_TranVu_FinalProjectUITests.swift */,
				B12D3F912B1F0CAF003EB29C /* Kyle_TranVu_FinalProjectUITestsLaunchTests.swift */,
			);
			path = "Kyle-TranVu-FinalProjectUITests";
			sourceTree = "<group>";
		};
/* End PBXGroup section */

/* Begin PBXNativeTarget section */
		B12D3F6F2B1F0CAB003EB29C /* Kyle-TranVu-FinalProject */ = {
			isa = PBXNativeTarget;
			buildConfigurationList = B12D3F952B1F0CAF003EB29C /* Build configuration list for PBXNativeTarget "Kyle-TranVu-FinalProject" */;
			buildPhases = (
				B12D3F6C2B1F0CAB003EB29C /* Sources */,
				B12D3F6D2B1F0CAB003EB29C /* Frameworks */,
				B12D3F6E2B1F0CAB003EB29C /* Resources */,
			);
			buildRules = (
			);
			dependencies = (
			);
			name = "Kyle-TranVu-FinalProject";
			productName = "Kyle-TranVu-FinalProject";
			productReference = B12D3F702B1F0CAB003EB29C /* Kyle-TranVu-FinalProject.app */;
			productType = "com.apple.product-type.application";
		};
		B12D3F802B1F0CAF003EB29C /* Kyle-TranVu-FinalProjectTests */ = {
			isa = PBXNativeTarget;
			buildConfigurationList = B12D3F982B1F0CAF003EB29C /* Build configuration list for PBXNativeTarget "Kyle-TranVu-FinalProjectTests" */;
			buildPhases = (
				B12D3F7D2B1F0CAF003EB29C /* Sources */,
				B12D3F7E2B1F0CAF003EB29C /* Frameworks */,
				B12D3F7F2B1F0CAF003EB29C /* Resources */,
			);
			buildRules = (
			);
			dependencies = (
				B12D3F832B1F0CAF003EB29C /* PBXTargetDependency */,
			);
			name = "Kyle-TranVu-FinalProjectTests";
			productName = "Kyle-TranVu-FinalProjectTests";
			productReference = B12D3F812B1F0CAF003EB29C /* Kyle-TranVu-FinalProjectTests.xctest */;
			productType = "com.apple.product-type.bundle.unit-test";
		};
		B12D3F8A2B1F0CAF003EB29C /* Kyle-TranVu-FinalProjectUITests */ = {
			isa = PBXNativeTarget;
			buildConfigurationList = B12D3F9B2B1F0CAF003EB29C /* Build configuration list for PBXNativeTarget "Kyle-TranVu-FinalProjectUITests" */;
			buildPhases = (
				B12D3F872B1F0CAF003EB29C /* Sources */,
				B12D3F882B1F0CAF003EB29C /* Frameworks */,
				B12D3F892B1F0CAF003EB29C /* Resources */,
			);
			buildRules = (
			);
			dependencies = (
				B12D3F8D2B1F0CAF003EB29C /* PBXTargetDependency */,
			);
			name = "Kyle-TranVu-FinalProjectUITests";
			productName = "Kyle-TranVu-FinalProjectUITests";
			productReference = B12D3F8B2B1F0CAF003EB29C /* Kyle-TranVu-FinalProjectUITests.xctest */;
			productType = "com.apple.product-type.bundle.ui-testing";
		};
/* End PBXNativeTarget section */

/* Begin PBXProject section */
		B12D3F682B1F0CAB003EB29C /* Project object */ = {
			isa = PBXProject;
			attributes = {
				BuildIndependentTargetsInParallel = 1;
				LastSwiftUpdateCheck = 1500;
				LastUpgradeCheck = 1500;
				TargetAttributes = {
					B12D3F6F2B1F0CAB003EB29C = {
						CreatedOnToolsVersion = 15.0.1;
					};
					B12D3F802B1F0CAF003EB29C = {
						CreatedOnToolsVersion = 15.0.1;
						TestTargetID = B12D3F6F2B1F0CAB003EB29C;
					};
					B12D3F8A2B1F0CAF003EB29C = {
						CreatedOnToolsVersion = 15.0.1;
						TestTargetID = B12D3F6F2B1F0CAB003EB29C;
					};
				};
			};
			buildConfigurationList = B12D3F6B2B1F0CAB003EB29C /* Build configuration list for PBXProject "Kyle-TranVu-FinalProject" */;
			compatibilityVersion = "Xcode 14.0";
			developmentRegion = en;
			hasScannedForEncodings = 0;
			knownRegions = (
				en,
				Base,
			);
			mainGroup = B12D3F672B1F0CAB003EB29C;
			productRefGroup = B12D3F712B1F0CAB003EB29C /* Products */;
			projectDirPath = "";
			projectRoot = "";
			targets = (
				B12D3F6F2B1F0CAB003EB29C /* Kyle-TranVu-FinalProject */,
				B12D3F802B1F0CAF003EB29C /* Kyle-TranVu-FinalProjectTests */,
				B12D3F8A2B1F0CAF003EB29C /* Kyle-TranVu-FinalProjectUITests */,
			);
		};
/* End PBXProject section */

/* Begin PBXResourcesBuildPhase section */
		B12D3F6E2B1F0CAB003EB29C /* Resources */ = {
			isa = PBXResourcesBuildPhase;
			buildActionMask = 2147483647;
			files = (
				B12D3F7C2B1F0CAE003EB29C /* Preview Assets.xcassets in Resources */,
				B12D3F782B1F0CAE003EB29C /* Assets.xcassets in Resources */,
			);
			runOnlyForDeploymentPostprocessing = 0;
		};
		B12D3F7F2B1F0CAF003EB29C /* Resources */ = {
			isa = PBXResourcesBuildPhase;
			buildActionMask = 2147483647;
			files = (
			);
			runOnlyForDeploymentPostprocessing = 0;
		};
		B12D3F892B1F0CAF003EB29C /* Resources */ = {
			isa = PBXResourcesBuildPhase;
			buildActionMask = 2147483647;
			files = (
			);
			runOnlyForDeploymentPostprocessing = 0;
		};
/* End PBXResourcesBuildPhase section */

/* Begin PBXSourcesBuildPhase section */
		B12D3F6C2B1F0CAB003EB29C /* Sources */ = {
			isa = PBXSourcesBuildPhase;
			buildActionMask = 2147483647;
			files = (
				B12D3F762B1F0CAB003EB29C /* ContentView.swift in Sources */,
				B12D3F742B1F0CAB003EB29C /* Kyle_TranVu_FinalProjectApp.swift in Sources */,
				B12D3FA52B1F1F79003EB29C /* InventoryTabView.swift in Sources */,
				B12130482B2579A300A6F390 /* SettingsTabView.swift in Sources */,
				B121304A2B2709EE00A6F390 /* TransactionsTabView.swift in Sources */,
			);
			runOnlyForDeploymentPostprocessing = 0;
		};
		B12D3F7D2B1F0CAF003EB29C /* Sources */ = {
			isa = PBXSourcesBuildPhase;
			buildActionMask = 2147483647;
			files = (
				B12D3F862B1F0CAF003EB29C /* Kyle_TranVu_FinalProjectTests.swift in Sources */,
			);
			runOnlyForDeploymentPostprocessing = 0;
		};
		B12D3F872B1F0CAF003EB29C /* Sources */ = {
			isa = PBXSourcesBuildPhase;
			buildActionMask = 2147483647;
			files = (
				B12D3F922B1F0CAF003EB29C /* Kyle_TranVu_FinalProjectUITestsLaunchTests.swift in Sources */,
				B12D3F902B1F0CAF003EB29C /* Kyle_TranVu_FinalProjectUITests.swift in Sources */,
			);
			runOnlyForDeploymentPostprocessing = 0;
		};
/* End PBXSourcesBuildPhase section */

/* Begin PBXTargetDependency section */
		B12D3F832B1F0CAF003EB29C /* PBXTargetDependency */ = {
			isa = PBXTargetDependency;
			target = B12D3F6F2B1F0CAB003EB29C /* Kyle-TranVu-FinalProject */;
			targetProxy = B12D3F822B1F0CAF003EB29C /* PBXContainerItemProxy */;
		};
		B12D3F8D2B1F0CAF003EB29C /* PBXTargetDependency */ = {
			isa = PBXTargetDependency;
			target = B12D3F6F2B1F0CAB003EB29C /* Kyle-TranVu-FinalProject */;
			targetProxy = B12D3F8C2B1F0CAF003EB29C /* PBXContainerItemProxy */;
		};
/* End PBXTargetDependency section */

/* Begin XCBuildConfiguration section */
		B12D3F932B1F0CAF003EB29C /* Debug */ = {
			isa = XCBuildConfiguration;
			buildSettings = {
				ALWAYS_SEARCH_USER_PATHS = NO;
				ASSETCATALOG_COMPILER_GENERATE_SWIFT_ASSET_SYMBOL_EXTENSIONS = YES;
				CLANG_ANALYZER_NONNULL = YES;
				CLANG_ANALYZER_NUMBER_OBJECT_CONVERSION = YES_AGGRESSIVE;
				CLANG_CXX_LANGUAGE_STANDARD = "gnu++20";
				CLANG_ENABLE_MODULES = YES;
				CLANG_ENABLE_OBJC_ARC = YES;
				CLANG_ENABLE_OBJC_WEAK = YES;
				CLANG_WARN_BLOCK_CAPTURE_AUTORELEASING = YES;
				CLANG_WARN_BOOL_CONVERSION = YES;
				CLANG_WARN_COMMA = YES;
				CLANG_WARN_CONSTANT_CONVERSION = YES;
				CLANG_WARN_DEPRECATED_OBJC_IMPLEMENTATIONS = YES;
				CLANG_WARN_DIRECT_OBJC_ISA_USAGE = YES_ERROR;
				CLANG_WARN_DOCUMENTATION_COMMENTS = YES;
				CLANG_WARN_EMPTY_BODY = YES;
				CLANG_WARN_ENUM_CONVERSION = YES;
				CLANG_WARN_INFINITE_RECURSION = YES;
				CLANG_WARN_INT_CONVERSION = YES;
				CLANG_WARN_NON_LITERAL_NULL_CONVERSION = YES;
				CLANG_WARN_OBJC_IMPLICIT_RETAIN_SELF = YES;
				CLANG_WARN_OBJC_LITERAL_CONVERSION = YES;
				CLANG_WARN_OBJC_ROOT_CLASS = YES_ERROR;
				CLANG_WARN_QUOTED_INCLUDE_IN_FRAMEWORK_HEADER = YES;
				CLANG_WARN_RANGE_LOOP_ANALYSIS = YES;
				CLANG_WARN_STRICT_PROTOTYPES = YES;
				CLANG_WARN_SUSPICIOUS_MOVE = YES;
				CLANG_WARN_UNGUARDED_AVAILABILITY = YES_AGGRESSIVE;
				CLANG_WARN_UNREACHABLE_CODE = YES;
				CLANG_WARN__DUPLICATE_METHOD_MATCH = YES;
				COPY_PHASE_STRIP = NO;
				DEBUG_INFORMATION_FORMAT = dwarf;
				ENABLE_STRICT_OBJC_MSGSEND = YES;
				ENABLE_TESTABILITY = YES;
				ENABLE_USER_SCRIPT_SANDBOXING = YES;
				GCC_C_LANGUAGE_STANDARD = gnu17;
				GCC_DYNAMIC_NO_PIC = NO;
				GCC_NO_COMMON_BLOCKS = YES;
				GCC_OPTIMIZATION_LEVEL = 0;
				GCC_PREPROCESSOR_DEFINITIONS = (
					"DEBUG=1",
					"$(inherited)",
				);
				GCC_WARN_64_TO_32_BIT_CONVERSION = YES;
				GCC_WARN_ABOUT_RETURN_TYPE = YES_ERROR;
				GCC_WARN_UNDECLARED_SELECTOR = YES;
				GCC_WARN_UNINITIALIZED_AUTOS = YES_AGGRESSIVE;
				GCC_WARN_UNUSED_FUNCTION = YES;
				GCC_WARN_UNUSED_VARIABLE = YES;
				LOCALIZATION_PREFERS_STRING_CATALOGS = YES;
				MTL_ENABLE_DEBUG_INFO = INCLUDE_SOURCE;
				MTL_FAST_MATH = YES;
				ONLY_ACTIVE_ARCH = YES;
				SWIFT_ACTIVE_COMPILATION_CONDITIONS = "DEBUG $(inherited)";
				SWIFT_OPTIMIZATION_LEVEL = "-Onone";
			};
			name = Debug;
		};
		B12D3F942B1F0CAF003EB29C /* Release */ = {
			isa = XCBuildConfiguration;
			buildSettings = {
				ALWAYS_SEARCH_USER_PATHS = NO;
				ASSETCATALOG_COMPILER_GENERATE_SWIFT_ASSET_SYMBOL_EXTENSIONS = YES;
				CLANG_ANALYZER_NONNULL = YES;
				CLANG_ANALYZER_NUMBER_OBJECT_CONVERSION = YES_AGGRESSIVE;
				CLANG_CXX_LANGUAGE_STANDARD = "gnu++20";
				CLANG_ENABLE_MODULES = YES;
				CLANG_ENABLE_OBJC_ARC = YES;
				CLANG_ENABLE_OBJC_WEAK = YES;
				CLANG_WARN_BLOCK_CAPTURE_AUTORELEASING = YES;
				CLANG_WARN_BOOL_CONVERSION = YES;
				CLANG_WARN_COMMA = YES;
				CLANG_WARN_CONSTANT_CONVERSION = YES;
				CLANG_WARN_DEPRECATED_OBJC_IMPLEMENTATIONS = YES;
				CLANG_WARN_DIRECT_OBJC_ISA_USAGE = YES_ERROR;
				CLANG_WARN_DOCUMENTATION_COMMENTS = YES;
				CLANG_WARN_EMPTY_BODY = YES;
				CLANG_WARN_ENUM_CONVERSION = YES;
				CLANG_WARN_INFINITE_RECURSION = YES;
				CLANG_WARN_INT_CONVERSION = YES;
				CLANG_WARN_NON_LITERAL_NULL_CONVERSION = YES;
				CLANG_WARN_OBJC_IMPLICIT_RETAIN_SELF = YES;
				CLANG_WARN_OBJC_LITERAL_CONVERSION = YES;
				CLANG_WARN_OBJC_ROOT_CLASS = YES_ERROR;
				CLANG_WARN_QUOTED_INCLUDE_IN_FRAMEWORK_HEADER = YES;
				CLANG_WARN_RANGE_LOOP_ANALYSIS = YES;
				CLANG_WARN_STRICT_PROTOTYPES = YES;
				CLANG_WARN_SUSPICIOUS_MOVE = YES;
				CLANG_WARN_UNGUARDED_AVAILABILITY = YES_AGGRESSIVE;
				CLANG_WARN_UNREACHABLE_CODE = YES;
				CLANG_WARN__DUPLICATE_METHOD_MATCH = YES;
				COPY_PHASE_STRIP = NO;
				DEBUG_INFORMATION_FORMAT = "dwarf-with-dsym";
				ENABLE_NS_ASSERTIONS = NO;
				ENABLE_STRICT_OBJC_MSGSEND = YES;
				ENABLE_USER_SCRIPT_SANDBOXING = YES;
				GCC_C_LANGUAGE_STANDARD = gnu17;
				GCC_NO_COMMON_BLOCKS = YES;
				GCC_WARN_64_TO_32_BIT_CONVERSION = YES;
				GCC_WARN_ABOUT_RETURN_TYPE = YES_ERROR;
				GCC_WARN_UNDECLARED_SELECTOR = YES;
				GCC_WARN_UNINITIALIZED_AUTOS = YES_AGGRESSIVE;
				GCC_WARN_UNUSED_FUNCTION = YES;
				GCC_WARN_UNUSED_VARIABLE = YES;
				LOCALIZATION_PREFERS_STRING_CATALOGS = YES;
				MTL_ENABLE_DEBUG_INFO = NO;
				MTL_FAST_MATH = YES;
				SWIFT_COMPILATION_MODE = wholemodule;
			};
			name = Release;
		};
		B12D3F962B1F0CAF003EB29C /* Debug */ = {
			isa = XCBuildConfiguration;
			buildSettings = {
				ASSETCATALOG_COMPILER_APPICON_NAME = AppIcon;
				ASSETCATALOG_COMPILER_GLOBAL_ACCENT_COLOR_NAME = AccentColor;
				CODE_SIGN_ENTITLEMENTS = "Kyle-TranVu-FinalProject/Kyle_TranVu_FinalProject.entitlements";
				CODE_SIGN_STYLE = Automatic;
				CURRENT_PROJECT_VERSION = 1;
				DEVELOPMENT_ASSET_PATHS = "\"Kyle-TranVu-FinalProject/Preview Content\"";
				DEVELOPMENT_TEAM = 285FDN64DR;
				ENABLE_HARDENED_RUNTIME = YES;
				ENABLE_PREVIEWS = YES;
				GENERATE_INFOPLIST_FILE = YES;
				"INFOPLIST_KEY_UIApplicationSceneManifest_Generation[sdk=iphoneos*]" = YES;
				"INFOPLIST_KEY_UIApplicationSceneManifest_Generation[sdk=iphonesimulator*]" = YES;
				"INFOPLIST_KEY_UIApplicationSupportsIndirectInputEvents[sdk=iphoneos*]" = YES;
				"INFOPLIST_KEY_UIApplicationSupportsIndirectInputEvents[sdk=iphonesimulator*]" = YES;
				"INFOPLIST_KEY_UILaunchScreen_Generation[sdk=iphoneos*]" = YES;
				"INFOPLIST_KEY_UILaunchScreen_Generation[sdk=iphonesimulator*]" = YES;
				"INFOPLIST_KEY_UIStatusBarStyle[sdk=iphoneos*]" = UIStatusBarStyleDefault;
				"INFOPLIST_KEY_UIStatusBarStyle[sdk=iphonesimulator*]" = UIStatusBarStyleDefault;
				INFOPLIST_KEY_UISupportedInterfaceOrientations_iPad = "UIInterfaceOrientationPortrait UIInterfaceOrientationPortraitUpsideDown UIInterfaceOrientationLandscapeLeft UIInterfaceOrientationLandscapeRight";
				INFOPLIST_KEY_UISupportedInterfaceOrientations_iPhone = "UIInterfaceOrientationPortrait UIInterfaceOrientationLandscapeLeft UIInterfaceOrientationLandscapeRight";
				IPHONEOS_DEPLOYMENT_TARGET = 17.0;
				LD_RUNPATH_SEARCH_PATHS = "@executable_path/Frameworks";
				"LD_RUNPATH_SEARCH_PATHS[sdk=macosx*]" = "@executable_path/../Frameworks";
				MACOSX_DEPLOYMENT_TARGET = 14.0;
				MARKETING_VERSION = 1.0;
				PRODUCT_BUNDLE_IDENTIFIER = "kyletranvu.Kyle-TranVu-FinalProject";
				PRODUCT_NAME = "$(TARGET_NAME)";
				SDKROOT = auto;
				SUPPORTED_PLATFORMS = "iphoneos iphonesimulator macosx";
				SWIFT_EMIT_LOC_STRINGS = YES;
				SWIFT_VERSION = 5.0;
				TARGETED_DEVICE_FAMILY = "1,2";
			};
			name = Debug;
		};
		B12D3F972B1F0CAF003EB29C /* Release */ = {
			isa = XCBuildConfiguration;
			buildSettings = {
				ASSETCATALOG_COMPILER_APPICON_NAME = AppIcon;
				ASSETCATALOG_COMPILER_GLOBAL_ACCENT_COLOR_NAME = AccentColor;
				CODE_SIGN_ENTITLEMENTS = "Kyle-TranVu-FinalProject/Kyle_TranVu_FinalProject.entitlements";
				CODE_SIGN_STYLE = Automatic;
				CURRENT_PROJECT_VERSION = 1;
				DEVELOPMENT_ASSET_PATHS = "\"Kyle-TranVu-FinalProject/Preview Content\"";
				DEVELOPMENT_TEAM = 285FDN64DR;
				ENABLE_HARDENED_RUNTIME = YES;
				ENABLE_PREVIEWS = YES;
				GENERATE_INFOPLIST_FILE = YES;
				"INFOPLIST_KEY_UIApplicationSceneManifest_Generation[sdk=iphoneos*]" = YES;
				"INFOPLIST_KEY_UIApplicationSceneManifest_Generation[sdk=iphonesimulator*]" = YES;
				"INFOPLIST_KEY_UIApplicationSupportsIndirectInputEvents[sdk=iphoneos*]" = YES;
				"INFOPLIST_KEY_UIApplicationSupportsIndirectInputEvents[sdk=iphonesimulator*]" = YES;
				"INFOPLIST_KEY_UILaunchScreen_Generation[sdk=iphoneos*]" = YES;
				"INFOPLIST_KEY_UILaunchScreen_Generation[sdk=iphonesimulator*]" = YES;
				"INFOPLIST_KEY_UIStatusBarStyle[sdk=iphoneos*]" = UIStatusBarStyleDefault;
				"INFOPLIST_KEY_UIStatusBarStyle[sdk=iphonesimulator*]" = UIStatusBarStyleDefault;
				INFOPLIST_KEY_UISupportedInterfaceOrientations_iPad = "UIInterfaceOrientationPortrait UIInterfaceOrientationPortraitUpsideDown UIInterfaceOrientationLandscapeLeft UIInterfaceOrientationLandscapeRight";
				INFOPLIST_KEY_UISupportedInterfaceOrientations_iPhone = "UIInterfaceOrientationPortrait UIInterfaceOrientationLandscapeLeft UIInterfaceOrientationLandscapeRight";
				IPHONEOS_DEPLOYMENT_TARGET = 17.0;
				LD_RUNPATH_SEARCH_PATHS = "@executable_path/Frameworks";
				"LD_RUNPATH_SEARCH_PATHS[sdk=macosx*]" = "@executable_path/../Frameworks";
				MACOSX_DEPLOYMENT_TARGET = 14.0;
				MARKETING_VERSION = 1.0;
				PRODUCT_BUNDLE_IDENTIFIER = "kyletranvu.Kyle-TranVu-FinalProject";
				PRODUCT_NAME = "$(TARGET_NAME)";
				SDKROOT = auto;
				SUPPORTED_PLATFORMS = "iphoneos iphonesimulator macosx";
				SWIFT_EMIT_LOC_STRINGS = YES;
				SWIFT_VERSION = 5.0;
				TARGETED_DEVICE_FAMILY = "1,2";
			};
			name = Release;
		};
		B12D3F992B1F0CAF003EB29C /* Debug */ = {
			isa = XCBuildConfiguration;
			buildSettings = {
				ALWAYS_EMBED_SWIFT_STANDARD_LIBRARIES = YES;
				BUNDLE_LOADER = "$(TEST_HOST)";
				CODE_SIGN_STYLE = Automatic;
				CURRENT_PROJECT_VERSION = 1;
				DEVELOPMENT_TEAM = 285FDN64DR;
				GENERATE_INFOPLIST_FILE = YES;
				IPHONEOS_DEPLOYMENT_TARGET = 17.0;
				MACOSX_DEPLOYMENT_TARGET = 14.0;
				MARKETING_VERSION = 1.0;
				PRODUCT_BUNDLE_IDENTIFIER = "kyletranvu.Kyle-TranVu-FinalProjectTests";
				PRODUCT_NAME = "$(TARGET_NAME)";
				SDKROOT = auto;
				SUPPORTED_PLATFORMS = "iphoneos iphonesimulator macosx";
				SWIFT_EMIT_LOC_STRINGS = NO;
				SWIFT_VERSION = 5.0;
				TARGETED_DEVICE_FAMILY = "1,2";
				TEST_HOST = "$(BUILT_PRODUCTS_DIR)/Kyle-TranVu-FinalProject.app/$(BUNDLE_EXECUTABLE_FOLDER_PATH)/Kyle-TranVu-FinalProject";
			};
			name = Debug;
		};
		B12D3F9A2B1F0CAF003EB29C /* Release */ = {
			isa = XCBuildConfiguration;
			buildSettings = {
				ALWAYS_EMBED_SWIFT_STANDARD_LIBRARIES = YES;
				BUNDLE_LOADER = "$(TEST_HOST)";
				CODE_SIGN_STYLE = Automatic;
				CURRENT_PROJECT_VERSION = 1;
				DEVELOPMENT_TEAM = 285FDN64DR;
				GENERATE_INFOPLIST_FILE = YES;
				IPHONEOS_DEPLOYMENT_TARGET = 17.0;
				MACOSX_DEPLOYMENT_TARGET = 14.0;
				MARKETING_VERSION = 1.0;
				PRODUCT_BUNDLE_IDENTIFIER = "kyletranvu.Kyle-TranVu-FinalProjectTests";
				PRODUCT_NAME = "$(TARGET_NAME)";
				SDKROOT = auto;
				SUPPORTED_PLATFORMS = "iphoneos iphonesimulator macosx";
				SWIFT_EMIT_LOC_STRINGS = NO;
				SWIFT_VERSION = 5.0;
				TARGETED_DEVICE_FAMILY = "1,2";
				TEST_HOST = "$(BUILT_PRODUCTS_DIR)/Kyle-TranVu-FinalProject.app/$(BUNDLE_EXECUTABLE_FOLDER_PATH)/Kyle-TranVu-FinalProject";
			};
			name = Release;
		};
		B12D3F9C2B1F0CAF003EB29C /* Debug */ = {
			isa = XCBuildConfiguration;
			buildSettings = {
				ALWAYS_EMBED_SWIFT_STANDARD_LIBRARIES = YES;
				CODE_SIGN_STYLE = Automatic;
				CURRENT_PROJECT_VERSION = 1;
				DEVELOPMENT_TEAM = 285FDN64DR;
				GENERATE_INFOPLIST_FILE = YES;
				IPHONEOS_DEPLOYMENT_TARGET = 17.0;
				MACOSX_DEPLOYMENT_TARGET = 14.0;
				MARKETING_VERSION = 1.0;
				PRODUCT_BUNDLE_IDENTIFIER = "kyletranvu.Kyle-TranVu-FinalProjectUITests";
				PRODUCT_NAME = "$(TARGET_NAME)";
				SDKROOT = auto;
				SUPPORTED_PLATFORMS = "iphoneos iphonesimulator macosx";
				SWIFT_EMIT_LOC_STRINGS = NO;
				SWIFT_VERSION = 5.0;
				TARGETED_DEVICE_FAMILY = "1,2";
				TEST_TARGET_NAME = "Kyle-TranVu-FinalProject";
			};
			name = Debug;
		};
		B12D3F9D2B1F0CAF003EB29C /* Release */ = {
			isa = XCBuildConfiguration;
			buildSettings = {
				ALWAYS_EMBED_SWIFT_STANDARD_LIBRARIES = YES;
				CODE_SIGN_STYLE = Automatic;
				CURRENT_PROJECT_VERSION = 1;
				DEVELOPMENT_TEAM = 285FDN64DR;
				GENERATE_INFOPLIST_FILE = YES;
				IPHONEOS_DEPLOYMENT_TARGET = 17.0;
				MACOSX_DEPLOYMENT_TARGET = 14.0;
				MARKETING_VERSION = 1.0;
				PRODUCT_BUNDLE_IDENTIFIER = "kyletranvu.Kyle-TranVu-FinalProjectUITests";
				PRODUCT_NAME = "$(TARGET_NAME)";
				SDKROOT = auto;
				SUPPORTED_PLATFORMS = "iphoneos iphonesimulator macosx";
				SWIFT_EMIT_LOC_STRINGS = NO;
				SWIFT_VERSION = 5.0;
				TARGETED_DEVICE_FAMILY = "1,2";
				TEST_TARGET_NAME = "Kyle-TranVu-FinalProject";
			};
			name = Release;
		};
/* End XCBuildConfiguration section */

/* Begin XCConfigurationList section */
		B12D3F6B2B1F0CAB003EB29C /* Build configuration list for PBXProject "Kyle-TranVu-FinalProject" */ = {
			isa = XCConfigurationList;
			buildConfigurations = (
				B12D3F932B1F0CAF003EB29C /* Debug */,
				B12D3F942B1F0CAF003EB29C /* Release */,
			);
			defaultConfigurationIsVisible = 0;
			defaultConfigurationName = Release;
		};
		B12D3F952B1F0CAF003EB29C /* Build configuration list for PBXNativeTarget "Kyle-TranVu-FinalProject" */ = {
			isa = XCConfigurationList;
			buildConfigurations = (
				B12D3F962B1F0CAF003EB29C /* Debug */,
				B12D3F972B1F0CAF003EB29C /* Release */,
			);
			defaultConfigurationIsVisible = 0;
			defaultConfigurationName = Release;
		};
		B12D3F982B1F0CAF003EB29C /* Build configuration list for PBXNativeTarget "Kyle-TranVu-FinalProjectTests" */ = {
			isa = XCConfigurationList;
			buildConfigurations = (
				B12D3F992B1F0CAF003EB29C /* Debug */,
				B12D3F9A2B1F0CAF003EB29C /* Release */,
			);
			defaultConfigurationIsVisible = 0;
			defaultConfigurationName = Release;
		};
		B12D3F9B2B1F0CAF003EB29C /* Build configuration list for PBXNativeTarget "Kyle-TranVu-FinalProjectUITests" */ = {
			isa = XCConfigurationList;
			buildConfigurations = (
				B12D3F9C2B1F0CAF003EB29C /* Debug */,
				B12D3F9D2B1F0CAF003EB29C /* Release */,
			);
			defaultConfigurationIsVisible = 0;
			defaultConfigurationName = Release;
		};
/* End XCConfigurationList section */
	};
	rootObject = B12D3F682B1F0CAB003EB29C /* Project object */;
}
